
Microsoft Visual Studio Solution File, Format Version 12.00
# Visual Studio 15
VisualStudioVersion = 15.0.26730.16
MinimumVisualStudioVersion = 10.0.40219.1
Project("{FAE04EC0-301F-11D3-BF4B-00C04F79EFBC}") = "Calculators", "Calculators\Calculators.csproj", "{5E866E29-ABC8-43E7-963B-403C8E98BBCE}"
EndProject
Global
	GlobalSection(SolutionConfigurationPlatforms) = preSolution
		Debug|Any CPU = Debug|Any CPU
		Release|Any CPU = Release|Any CPU
	EndGlobalSection
	GlobalSection(ProjectConfigurationPlatforms) = postSolution
		{5E866E29-ABC8-43E7-963B-403C8E98BBCE}.Debug|Any CPU.ActiveCfg = Debug|Any CPU
		{5E866E29-ABC8-43E7-963B-403C8E98BBCE}.Debug|Any CPU.Build.0 = Debug|Any CPU
		{5E866E29-ABC8-43E7-963B-403C8E98BBCE}.Release|Any CPU.ActiveCfg = Release|Any CPU
		{5E866E29-ABC8-43E7-963B-403C8E98BBCE}.Release|Any CPU.Build.0 = Release|Any CPU
	EndGlobalSection
	GlobalSection(SolutionProperties) = preSolution
		HideSolutionNode = FALSE
	EndGlobalSection
	GlobalSection(ExtensibilityGlobals) = postSolution
		SolutionGuid = {8E1FE9D1-7C88-4439-93CF-E166A42A6CD5}
	EndGlobalSection
EndGlobal
